
Microsoft Visual Studio Solution File, Format Version 12.00
# Visual Studio Version 17
VisualStudioVersion = 17.11.35208.52
MinimumVisualStudioVersion = 10.0.40219.1
Project("{8BC9CEB8-8B4A-11D0-8D11-00A0C91BC942}") = "BTl_nhanmatran_tuantu", "BTl_nhanmatran_tuantu\BTl_nhanmatran_tuantu.vcxproj", "{35662622-9481-49EC-AAE4-84E183FE8995}"
EndProject
Global
	GlobalSection(SolutionConfigurationPlatforms) = preSolution
		Debug|x64 = Debug|x64
		Debug|x86 = Debug|x86
		Release|x64 = Release|x64
		Release|x86 = Release|x86
	EndGlobalSection
	GlobalSection(ProjectConfigurationPlatforms) = postSolution
		{35662622-9481-49EC-AAE4-84E183FE8995}.Debug|x64.ActiveCfg = Debug|x64
		{35662622-9481-49EC-AAE4-84E183FE8995}.Debug|x64.Build.0 = Debug|x64
		{35662622-9481-49EC-AAE4-84E183FE8995}.Debug|x86.ActiveCfg = Debug|Win32
		{35662622-9481-49EC-AAE4-84E183FE8995}.Debug|x86.Build.0 = Debug|Win32
		{35662622-9481-49EC-AAE4-84E183FE8995}.Release|x64.ActiveCfg = Release|x64
		{35662622-9481-49EC-AAE4-84E183FE8995}.Release|x64.Build.0 = Release|x64
		{35662622-9481-49EC-AAE4-84E183FE8995}.Release|x86.ActiveCfg = Release|Win32
		{35662622-9481-49EC-AAE4-84E183FE8995}.Release|x86.Build.0 = Release|Win32
	EndGlobalSection
	GlobalSection(SolutionProperties) = preSolution
		HideSolutionNode = FALSE
	EndGlobalSection
	GlobalSection(ExtensibilityGlobals) = postSolution
		SolutionGuid = {706940AD-A54D-40B9-8DBC-E1BF22FD8CC6}
	EndGlobalSection
EndGlobal
